
Microsoft Visual Studio Solution File, Format Version 12.00
# Visual Studio Version 16
VisualStudioVersion = 16.0.30523.141
MinimumVisualStudioVersion = 10.0.40219.1
Project("{9A19103F-16F7-4668-BE54-9A1E7A4F7556}") = "TicketingSystem.API", "TIcketingSystem.API\TicketingSystem.API.csproj", "{1C031F5B-7957-4EDA-9092-E2A3A80534ED}"
EndProject
Project("{9A19103F-16F7-4668-BE54-9A1E7A4F7556}") = "TicketingSystem.Models", "TicketingSystem.Models\TicketingSystem.Models.csproj", "{D1BE4132-CB2A-4EA2-A444-93A6A37E7F42}"
EndProject
Global
	GlobalSection(SolutionConfigurationPlatforms) = preSolution
		Debug|Any CPU = Debug|Any CPU
		Release|Any CPU = Release|Any CPU
	EndGlobalSection
	GlobalSection(ProjectConfigurationPlatforms) = postSolution
		{1C031F5B-7957-4EDA-9092-E2A3A80534ED}.Debug|Any CPU.ActiveCfg = Debug|Any CPU
		{1C031F5B-7957-4EDA-9092-E2A3A80534ED}.Debug|Any CPU.Build.0 = Debug|Any CPU
		{1C031F5B-7957-4EDA-9092-E2A3A80534ED}.Release|Any CPU.ActiveCfg = Release|Any CPU
		{1C031F5B-7957-4EDA-9092-E2A3A80534ED}.Release|Any CPU.Build.0 = Release|Any CPU
		{D1BE4132-CB2A-4EA2-A444-93A6A37E7F42}.Debug|Any CPU.ActiveCfg = Debug|Any CPU
		{D1BE4132-CB2A-4EA2-A444-93A6A37E7F42}.Debug|Any CPU.Build.0 = Debug|Any CPU
		{D1BE4132-CB2A-4EA2-A444-93A6A37E7F42}.Release|Any CPU.ActiveCfg = Release|Any CPU
		{D1BE4132-CB2A-4EA2-A444-93A6A37E7F42}.Release|Any CPU.Build.0 = Release|Any CPU
	EndGlobalSection
	GlobalSection(SolutionProperties) = preSolution
		HideSolutionNode = FALSE
	EndGlobalSection
	GlobalSection(ExtensibilityGlobals) = postSolution
		SolutionGuid = {68A348C8-4461-419B-B508-80574FAAD669}
	EndGlobalSection
EndGlobal
